%{"certifi": {:hex, :certifi, "0.4.0", "a7966efb868b179023618d29a407548f70c52466bf1849b9e8ebd0e34b7ea11f", [:rebar3], []},
  "exjsx": {:hex, :exjsx, "3.1.0", "d419162cb2d5be80070835c2c2b8c78c8c45907706c991d23f3750dae506d1e9", [:mix], [{:jsx, "~> 2.4.0", [hex: :jsx, optional: false]}]},
  "exparticle": {:hex, :exparticle, "0.0.2", "38c7d7acf5016dc74d32265b7fa4113ea81da562fdf0a7ac5135a646dca340ce", [:mix], [{:poison, "~> 1.5", [hex: :poison, optional: false]}, {:httpoison, "~> 0.8.0", [hex: :httpoison, optional: false]}]},
  "hackney": {:hex, :hackney, "1.5.7", "f3809c0a17a3e523a865c65f6552b526f6b799acd0389803a05f88573ea26162", [:rebar3], [{:ssl_verify_fun, "1.1.0", [hex: :ssl_verify_fun, optional: false]}, {:mimerl, "1.0.2", [hex: :mimerl, optional: false]}, {:metrics, "1.0.1", [hex: :metrics, optional: false]}, {:idna, "1.2.0", [hex: :idna, optional: false]}, {:certifi, "0.4.0", [hex: :certifi, optional: false]}]},
  "httpoison": {:hex, :httpoison, "0.8.2", "dc53ea75a6abdb226e132aba74cbaf795f5c2fb0b3d8c8f13c9463e016cfbd66", [:mix], [{:hackney, "~> 1.5.2", [hex: :hackney, optional: false]}]},
  "idna": {:hex, :idna, "1.2.0", "ac62ee99da068f43c50dc69acf700e03a62a348360126260e87f2b54eced86b2", [:rebar3], []},
  "jsx": {:hex, :jsx, "2.4.0", "fb83830ac15e981b6ce310b645324ceecd01b1e0847d23921c33df829de5d2db", [:mix], []},
  "metrics": {:hex, :metrics, "1.0.1", "25f094dea2cda98213cecc3aeff09e940299d950904393b2a29d191c346a8486", [:rebar3], []},
  "mimerl": {:hex, :mimerl, "1.0.2", "993f9b0e084083405ed8252b99460c4f0563e41729ab42d9074fd5e52439be88", [:rebar3], []},
  "poison": {:hex, :poison, "1.5.2", "560bdfb7449e3ddd23a096929fb9fc2122f709bcc758b2d5d5a5c7d0ea848910", [:mix], []},
  "slack": {:hex, :slack, "0.4.2", "ae23da58e702979731d13d90e3bd0cdd5f44fbca7166eac635a8163a640bd382", [:mix], [{:httpoison, "~> 0.8.0", [hex: :httpoison, optional: false]}, {:exjsx, "~> 3.1.0", [hex: :exjsx, optional: false]}]},
  "ssl_verify_fun": {:hex, :ssl_verify_fun, "1.1.0", "edee20847c42e379bf91261db474ffbe373f8acb56e9079acb6038d4e0bf414f", [:rebar, :make], []},
  "websocket_client": {:git, "https://github.com/jeremyong/websocket_client", "f6892c8b55004008ce2d52be7d98b156f3e34569", []}}
